
Microsoft Visual Studio Solution File, Format Version 12.00
# Visual Studio 15
VisualStudioVersion = 15.0.27703.2018
MinimumVisualStudioVersion = 10.0.40219.1
Project("{9A19103F-16F7-4668-BE54-9A1E7A4F7556}") = "SampleECommerceWebsite.DAL", "SampleECommerceWebsite.DAL\SampleECommerceWebsite.DAL.csproj", "{F4B07980-89F3-4215-B845-BD9787BD8DB3}"
	ProjectSection(ProjectDependencies) = postProject
		{BEBAAB61-3D88-4166-BCF3-E1A154F72D60} = {BEBAAB61-3D88-4166-BCF3-E1A154F72D60}
	EndProjectSection
EndProject
Project("{9A19103F-16F7-4668-BE54-9A1E7A4F7556}") = "SampleECommerceWebsite.Models", "SampleECommerceWebsite.Models\SampleECommerceWebsite.Models.csproj", "{BEBAAB61-3D88-4166-BCF3-E1A154F72D60}"
EndProject
Project("{9A19103F-16F7-4668-BE54-9A1E7A4F7556}") = "SampleECommerceWebsite.Tests", "SampleECommerceWebsite.Tests\SampleECommerceWebsite.Tests.csproj", "{33596F22-EDB3-4FCA-BB84-9DE176C62FA5}"
	ProjectSection(ProjectDependencies) = postProject
		{BEBAAB61-3D88-4166-BCF3-E1A154F72D60} = {BEBAAB61-3D88-4166-BCF3-E1A154F72D60}
		{F4B07980-89F3-4215-B845-BD9787BD8DB3} = {F4B07980-89F3-4215-B845-BD9787BD8DB3}
	EndProjectSection
EndProject
Global
	GlobalSection(SolutionConfigurationPlatforms) = preSolution
		Debug|Any CPU = Debug|Any CPU
		Release|Any CPU = Release|Any CPU
	EndGlobalSection
	GlobalSection(ProjectConfigurationPlatforms) = postSolution
		{F4B07980-89F3-4215-B845-BD9787BD8DB3}.Debug|Any CPU.ActiveCfg = Debug|Any CPU
		{F4B07980-89F3-4215-B845-BD9787BD8DB3}.Debug|Any CPU.Build.0 = Debug|Any CPU
		{F4B07980-89F3-4215-B845-BD9787BD8DB3}.Release|Any CPU.ActiveCfg = Release|Any CPU
		{F4B07980-89F3-4215-B845-BD9787BD8DB3}.Release|Any CPU.Build.0 = Release|Any CPU
		{BEBAAB61-3D88-4166-BCF3-E1A154F72D60}.Debug|Any CPU.ActiveCfg = Debug|Any CPU
		{BEBAAB61-3D88-4166-BCF3-E1A154F72D60}.Debug|Any CPU.Build.0 = Debug|Any CPU
		{BEBAAB61-3D88-4166-BCF3-E1A154F72D60}.Release|Any CPU.ActiveCfg = Release|Any CPU
		{BEBAAB61-3D88-4166-BCF3-E1A154F72D60}.Release|Any CPU.Build.0 = Release|Any CPU
		{33596F22-EDB3-4FCA-BB84-9DE176C62FA5}.Debug|Any CPU.ActiveCfg = Debug|Any CPU
		{33596F22-EDB3-4FCA-BB84-9DE176C62FA5}.Debug|Any CPU.Build.0 = Debug|Any CPU
		{33596F22-EDB3-4FCA-BB84-9DE176C62FA5}.Release|Any CPU.ActiveCfg = Release|Any CPU
		{33596F22-EDB3-4FCA-BB84-9DE176C62FA5}.Release|Any CPU.Build.0 = Release|Any CPU
	EndGlobalSection
	GlobalSection(SolutionProperties) = preSolution
		HideSolutionNode = FALSE
	EndGlobalSection
	GlobalSection(ExtensibilityGlobals) = postSolution
		SolutionGuid = {DF33153E-62E7-4CC7-9C32-AC6278313774}
	EndGlobalSection
EndGlobal
